{
  "requires": true,
  "lockfileVersion": 1,
  "dependencies": {
    "bootstrap-icons": {
      "version": "1.2.1",
      "resolved": "https://registry.npmjs.org/bootstrap-icons/-/bootstrap-icons-1.2.1.tgz",
      "integrity": "sha512-c63G57gFN9Yz1Dmi1RRpBd+cm/Lil31nRsnYxX8VeC/2wTk1Z54OU4twyLAVpgj2lX2lyHx0M8+xhEdkr79RAg=="
    }
  }
}
